
Microsoft Visual Studio Solution File, Format Version 12.00
# Visual Studio Version 16
VisualStudioVersion = 16.0.30523.141
MinimumVisualStudioVersion = 10.0.40219.1
Project("{FAE04EC0-301F-11D3-BF4B-00C04F79EFBC}") = "Exercise2", "Exercise2.csproj", "{3A7F464D-E9AA-45F2-AFC1-B1CE5DF3C728}"
EndProject
Global
	GlobalSection(SolutionConfigurationPlatforms) = preSolution
		Debug|Any CPU = Debug|Any CPU
		Release|Any CPU = Release|Any CPU
	EndGlobalSection
	GlobalSection(ProjectConfigurationPlatforms) = postSolution
		{3A7F464D-E9AA-45F2-AFC1-B1CE5DF3C728}.Debug|Any CPU.ActiveCfg = Debug|Any CPU
		{3A7F464D-E9AA-45F2-AFC1-B1CE5DF3C728}.Debug|Any CPU.Build.0 = Debug|Any CPU
		{3A7F464D-E9AA-45F2-AFC1-B1CE5DF3C728}.Release|Any CPU.ActiveCfg = Release|Any CPU
		{3A7F464D-E9AA-45F2-AFC1-B1CE5DF3C728}.Release|Any CPU.Build.0 = Release|Any CPU
	EndGlobalSection
	GlobalSection(SolutionProperties) = preSolution
		HideSolutionNode = FALSE
	EndGlobalSection
	GlobalSection(ExtensibilityGlobals) = postSolution
		SolutionGuid = {EB4388B5-9F69-45DD-BA7D-0F9F8BB83063}
	EndGlobalSection
EndGlobal
