
Microsoft Visual Studio Solution File, Format Version 12.00
# Visual Studio Version 16
VisualStudioVersion = 16.0.30611.23
MinimumVisualStudioVersion = 10.0.40219.1
Project("{FAE04EC0-301F-11D3-BF4B-00C04F79EFBC}") = "Exercise 1", "Exercise 1\Exercise 1.csproj", "{586F5035-A908-4A11-AAD0-66DFCC933953}"
EndProject
Global
	GlobalSection(SolutionConfigurationPlatforms) = preSolution
		Debug|Any CPU = Debug|Any CPU
		Release|Any CPU = Release|Any CPU
	EndGlobalSection
	GlobalSection(ProjectConfigurationPlatforms) = postSolution
		{586F5035-A908-4A11-AAD0-66DFCC933953}.Debug|Any CPU.ActiveCfg = Debug|Any CPU
		{586F5035-A908-4A11-AAD0-66DFCC933953}.Debug|Any CPU.Build.0 = Debug|Any CPU
		{586F5035-A908-4A11-AAD0-66DFCC933953}.Release|Any CPU.ActiveCfg = Release|Any CPU
		{586F5035-A908-4A11-AAD0-66DFCC933953}.Release|Any CPU.Build.0 = Release|Any CPU
	EndGlobalSection
	GlobalSection(SolutionProperties) = preSolution
		HideSolutionNode = FALSE
	EndGlobalSection
	GlobalSection(ExtensibilityGlobals) = postSolution
		SolutionGuid = {E6473929-D5FA-4432-853A-86EDA040D3B7}
	EndGlobalSection
EndGlobal
